{
  "name": "@markab.io/orbital-templates",
  "version": "10.0.0",
  "lockfileVersion": 2,
  "requires": true,
  "packages": {
    "": {
      "name": "@markab.io/orbital-templates",
      "version": "10.0.0",
      "license": "ISC",
      "devDependencies": {
        "@types/autosuggest-highlight": "^3.2.3",
        "@types/prismjs": "^1.26.4",
        "@types/react-autosuggest": "^10.1.11",
        "@types/react-image-gallery": "^1.2.4",
        "@types/recharts": "^1.8.29",
        "@types/showdown": "^2.0.6"
      }
    },
    "node_modules/@types/autosuggest-highlight": {
      "version": "3.2.3",
      "resolved": "https://registry.npmjs.org/@types/autosuggest-highlight/-/autosuggest-highlight-3.2.3.tgz",
      "integrity": "sha512-8Mb21KWtpn6PvRQXjsKhrXIcxbSloGqNH50RntwGeJsGPW4xvNhfml+3kKulaKpO/7pgZfOmzsJz7VbepArlGQ==",
      "dev": true
    },
    "node_modules/@types/d3-path": {
      "version": "1.0.11",
      "resolved": "https://registry.npmjs.org/@types/d3-path/-/d3-path-1.0.11.tgz",
      "integrity": "sha512-4pQMp8ldf7UaB/gR8Fvvy69psNHkTpD/pVw3vmEi8iZAB9EPMBruB1JvHO4BIq9QkUUd2lV1F5YXpMNj7JPBpw==",
      "dev": true
    },
    "node_modules/@types/d3-shape": {
      "version": "1.3.12",
      "resolved": "https://registry.npmjs.org/@types/d3-shape/-/d3-shape-1.3.12.tgz",
      "integrity": "sha512-8oMzcd4+poSLGgV0R1Q1rOlx/xdmozS4Xab7np0eamFFUYq71AU9pOCJEFnkXW2aI/oXdVYJzw6pssbSut7Z9Q==",
      "dev": true,
      "dependencies": {
        "@types/d3-path": "^1"
      }
    },
    "node_modules/@types/prismjs": {
      "version": "1.26.4",
      "resolved": "https://registry.npmjs.org/@types/prismjs/-/prismjs-1.26.4.tgz",
      "integrity": "sha512-rlAnzkW2sZOjbqZ743IHUhFcvzaGbqijwOu8QZnZCjfQzBqFE3s4lOTJEsxikImav9uzz/42I+O7YUs1mWgMlg==",
      "dev": true
    },
    "node_modules/@types/prop-types": {
      "version": "15.7.12",
      "resolved": "https://registry.npmjs.org/@types/prop-types/-/prop-types-15.7.12.tgz",
      "integrity": "sha512-5zvhXYtRNRluoE/jAp4GVsSduVUzNWKkOZrCDBWYtE7biZywwdC2AcEzg+cSMLFRfVgeAFqpfNabiPjxFddV1Q==",
      "dev": true
    },
    "node_modules/@types/react": {
      "version": "18.3.2",
      "resolved": "https://registry.npmjs.org/@types/react/-/react-18.3.2.tgz",
      "integrity": "sha512-Btgg89dAnqD4vV7R3hlwOxgqobUQKgx3MmrQRi0yYbs/P0ym8XozIAlkqVilPqHQwXs4e9Tf63rrCgl58BcO4w==",
      "dev": true,
      "dependencies": {
        "@types/prop-types": "*",
        "csstype": "^3.0.2"
      }
    },
    "node_modules/@types/react-autosuggest": {
      "version": "10.1.11",
      "resolved": "https://registry.npmjs.org/@types/react-autosuggest/-/react-autosuggest-10.1.11.tgz",
      "integrity": "sha512-lneJrX/5TZJzKHPJ6UuUjsh9OfeyQHKYEVHyBh5Y7LeRbCZxyIsjBmpxdPy1iH++Ger0qcyW+phPpYH+g3naLA==",
      "dev": true,
      "dependencies": {
        "@types/react": "*"
      }
    },
    "node_modules/@types/react-image-gallery": {
      "version": "1.2.4",
      "resolved": "https://registry.npmjs.org/@types/react-image-gallery/-/react-image-gallery-1.2.4.tgz",
      "integrity": "sha512-H0xpmT5rlSH0qiTvcUDCPDLRBi3J3Xa4COqaDqGb7ffLFpQoPAxpZdNuKCuThhFI0xJmNnMubZiD6B3kCBHtcw==",
      "dev": true,
      "dependencies": {
        "@types/react": "*"
      }
    },
    "node_modules/@types/recharts": {
      "version": "1.8.29",
      "resolved": "https://registry.npmjs.org/@types/recharts/-/recharts-1.8.29.tgz",
      "integrity": "sha512-ulKklaVsnFIIhTQsQw226TnOibrddW1qUQNFVhoQEyY1Z7FRQrNecFCGt7msRuJseudzE9czVawZb17dK/aPXw==",
      "dev": true,
      "dependencies": {
        "@types/d3-shape": "^1",
        "@types/react": "*"
      }
    },
    "node_modules/@types/showdown": {
      "version": "2.0.6",
      "resolved": "https://registry.npmjs.org/@types/showdown/-/showdown-2.0.6.tgz",
      "integrity": "sha512-pTvD/0CIeqe4x23+YJWlX2gArHa8G0J0Oh6GKaVXV7TAeickpkkZiNOgFcFcmLQ5lB/K0qBJL1FtRYltBfbGCQ==",
      "dev": true
    },
    "node_modules/csstype": {
      "version": "3.1.3",
      "resolved": "https://registry.npmjs.org/csstype/-/csstype-3.1.3.tgz",
      "integrity": "sha512-M1uQkMl8rQK/szD0LNhtqxIPLpimGm8sOBwU7lLnCpSbTyY3yeU1Vc7l4KT5zT4s/yOxHH5O7tIuuLOCnLADRw==",
      "dev": true
    }
  },
  "dependencies": {
    "@types/autosuggest-highlight": {
      "version": "3.2.3",
      "resolved": "https://registry.npmjs.org/@types/autosuggest-highlight/-/autosuggest-highlight-3.2.3.tgz",
      "integrity": "sha512-8Mb21KWtpn6PvRQXjsKhrXIcxbSloGqNH50RntwGeJsGPW4xvNhfml+3kKulaKpO/7pgZfOmzsJz7VbepArlGQ==",
      "dev": true
    },
    "@types/d3-path": {
      "version": "1.0.11",
      "resolved": "https://registry.npmjs.org/@types/d3-path/-/d3-path-1.0.11.tgz",
      "integrity": "sha512-4pQMp8ldf7UaB/gR8Fvvy69psNHkTpD/pVw3vmEi8iZAB9EPMBruB1JvHO4BIq9QkUUd2lV1F5YXpMNj7JPBpw==",
      "dev": true
    },
    "@types/d3-shape": {
      "version": "1.3.12",
      "resolved": "https://registry.npmjs.org/@types/d3-shape/-/d3-shape-1.3.12.tgz",
      "integrity": "sha512-8oMzcd4+poSLGgV0R1Q1rOlx/xdmozS4Xab7np0eamFFUYq71AU9pOCJEFnkXW2aI/oXdVYJzw6pssbSut7Z9Q==",
      "dev": true,
      "requires": {
        "@types/d3-path": "^1"
      }
    },
    "@types/prismjs": {
      "version": "1.26.4",
      "resolved": "https://registry.npmjs.org/@types/prismjs/-/prismjs-1.26.4.tgz",
      "integrity": "sha512-rlAnzkW2sZOjbqZ743IHUhFcvzaGbqijwOu8QZnZCjfQzBqFE3s4lOTJEsxikImav9uzz/42I+O7YUs1mWgMlg==",
      "dev": true
    },
    "@types/prop-types": {
      "version": "15.7.12",
      "resolved": "https://registry.npmjs.org/@types/prop-types/-/prop-types-15.7.12.tgz",
      "integrity": "sha512-5zvhXYtRNRluoE/jAp4GVsSduVUzNWKkOZrCDBWYtE7biZywwdC2AcEzg+cSMLFRfVgeAFqpfNabiPjxFddV1Q==",
      "dev": true
    },
    "@types/react": {
      "version": "18.3.2",
      "resolved": "https://registry.npmjs.org/@types/react/-/react-18.3.2.tgz",
      "integrity": "sha512-Btgg89dAnqD4vV7R3hlwOxgqobUQKgx3MmrQRi0yYbs/P0ym8XozIAlkqVilPqHQwXs4e9Tf63rrCgl58BcO4w==",
      "dev": true,
      "requires": {
        "@types/prop-types": "*",
        "csstype": "^3.0.2"
      }
    },
    "@types/react-autosuggest": {
      "version": "10.1.11",
      "resolved": "https://registry.npmjs.org/@types/react-autosuggest/-/react-autosuggest-10.1.11.tgz",
      "integrity": "sha512-lneJrX/5TZJzKHPJ6UuUjsh9OfeyQHKYEVHyBh5Y7LeRbCZxyIsjBmpxdPy1iH++Ger0qcyW+phPpYH+g3naLA==",
      "dev": true,
      "requires": {
        "@types/react": "*"
      }
    },
    "@types/react-image-gallery": {
      "version": "1.2.4",
      "resolved": "https://registry.npmjs.org/@types/react-image-gallery/-/react-image-gallery-1.2.4.tgz",
      "integrity": "sha512-H0xpmT5rlSH0qiTvcUDCPDLRBi3J3Xa4COqaDqGb7ffLFpQoPAxpZdNuKCuThhFI0xJmNnMubZiD6B3kCBHtcw==",
      "dev": true,
      "requires": {
        "@types/react": "*"
      }
    },
    "@types/recharts": {
      "version": "1.8.29",
      "resolved": "https://registry.npmjs.org/@types/recharts/-/recharts-1.8.29.tgz",
      "integrity": "sha512-ulKklaVsnFIIhTQsQw226TnOibrddW1qUQNFVhoQEyY1Z7FRQrNecFCGt7msRuJseudzE9czVawZb17dK/aPXw==",
      "dev": true,
      "requires": {
        "@types/d3-shape": "^1",
        "@types/react": "*"
      }
    },
    "@types/showdown": {
      "version": "2.0.6",
      "resolved": "https://registry.npmjs.org/@types/showdown/-/showdown-2.0.6.tgz",
      "integrity": "sha512-pTvD/0CIeqe4x23+YJWlX2gArHa8G0J0Oh6GKaVXV7TAeickpkkZiNOgFcFcmLQ5lB/K0qBJL1FtRYltBfbGCQ==",
      "dev": true
    },
    "csstype": {
      "version": "3.1.3",
      "resolved": "https://registry.npmjs.org/csstype/-/csstype-3.1.3.tgz",
      "integrity": "sha512-M1uQkMl8rQK/szD0LNhtqxIPLpimGm8sOBwU7lLnCpSbTyY3yeU1Vc7l4KT5zT4s/yOxHH5O7tIuuLOCnLADRw==",
      "dev": true
    }
  }
}
